// !$*UTF8*$!
{
	archiveVersion = 1;
	classes = {
	};
	objectVersion = 55;
	objects = {

/* Begin PBXBuildFile section */
		62075BFF27A3A5AA00CF396B /* AfricaApp.swift in Sources */ = {isa = PBXBuildFile; fileRef = 62075BFE27A3A5AA00CF396B /* AfricaApp.swift */; };
		62075C0127A3A5AA00CF396B /* ContentView.swift in Sources */ = {isa = PBXBuildFile; fileRef = 62075C0027A3A5AA00CF396B /* ContentView.swift */; };
		62075C0327A3A5AA00CF396B /* Assets.xcassets in Resources */ = {isa = PBXBuildFile; fileRef = 62075C0227A3A5AA00CF396B /* Assets.xcassets */; };
		62075C0627A3A5AA00CF396B /* Preview Assets.xcassets in Resources */ = {isa = PBXBuildFile; fileRef = 62075C0527A3A5AA00CF396B /* Preview Assets.xcassets */; };
		62075C1727A3A71500CF396B /* cheetah.mp4 in Resources */ = {isa = PBXBuildFile; fileRef = 62075C0D27A3A71400CF396B /* cheetah.mp4 */; };
		62075C1827A3A71500CF396B /* ostrich.mp4 in Resources */ = {isa = PBXBuildFile; fileRef = 62075C0E27A3A71400CF396B /* ostrich.mp4 */; };
		62075C1927A3A71500CF396B /* rhino.mp4 in Resources */ = {isa = PBXBuildFile; fileRef = 62075C0F27A3A71400CF396B /* rhino.mp4 */; };
		62075C1A27A3A71500CF396B /* zebra.mp4 in Resources */ = {isa = PBXBuildFile; fileRef = 62075C1027A3A71400CF396B /* zebra.mp4 */; };
		62075C1B27A3A71500CF396B /* gorilla.mp4 in Resources */ = {isa = PBXBuildFile; fileRef = 62075C1127A3A71400CF396B /* gorilla.mp4 */; };
		62075C1C27A3A71500CF396B /* giraffe.mp4 in Resources */ = {isa = PBXBuildFile; fileRef = 62075C1227A3A71500CF396B /* giraffe.mp4 */; };
		62075C1D27A3A71500CF396B /* hippo.mp4 in Resources */ = {isa = PBXBuildFile; fileRef = 62075C1327A3A71500CF396B /* hippo.mp4 */; };
		62075C1E27A3A71500CF396B /* lioness.mp4 in Resources */ = {isa = PBXBuildFile; fileRef = 62075C1427A3A71500CF396B /* lioness.mp4 */; };
		62075C1F27A3A71500CF396B /* elephant.mp4 in Resources */ = {isa = PBXBuildFile; fileRef = 62075C1527A3A71500CF396B /* elephant.mp4 */; };
		62075C2027A3A71500CF396B /* lion.mp4 in Resources */ = {isa = PBXBuildFile; fileRef = 62075C1627A3A71500CF396B /* lion.mp4 */; };
		62075C2627A3A75D00CF396B /* locations.json in Resources */ = {isa = PBXBuildFile; fileRef = 62075C2227A3A75D00CF396B /* locations.json */; };
		62075C2727A3A75D00CF396B /* covers.json in Resources */ = {isa = PBXBuildFile; fileRef = 62075C2327A3A75D00CF396B /* covers.json */; };
		62075C2827A3A75D00CF396B /* videos.json in Resources */ = {isa = PBXBuildFile; fileRef = 62075C2427A3A75D00CF396B /* videos.json */; };
		62075C2927A3A75D00CF396B /* animals.json in Resources */ = {isa = PBXBuildFile; fileRef = 62075C2527A3A75D00CF396B /* animals.json */; };
		62075C2E27A3A9A000CF396B /* VideoListView.swift in Sources */ = {isa = PBXBuildFile; fileRef = 62075C2D27A3A9A000CF396B /* VideoListView.swift */; };
		62075C3027A3A9B600CF396B /* MapView.swift in Sources */ = {isa = PBXBuildFile; fileRef = 62075C2F27A3A9B600CF396B /* MapView.swift */; };
		62075C3227A3A9C400CF396B /* GalleryView.swift in Sources */ = {isa = PBXBuildFile; fileRef = 62075C3127A3A9C400CF396B /* GalleryView.swift */; };
		62075C3427A3A9D200CF396B /* MainView.swift in Sources */ = {isa = PBXBuildFile; fileRef = 62075C3327A3A9D200CF396B /* MainView.swift */; };
		62075C3627A3AB4800CF396B /* CoverImageView.swift in Sources */ = {isa = PBXBuildFile; fileRef = 62075C3527A3AB4800CF396B /* CoverImageView.swift */; };
		62075C3927A3AC7A00CF396B /* CoverImageModel.swift in Sources */ = {isa = PBXBuildFile; fileRef = 62075C3827A3AC7A00CF396B /* CoverImageModel.swift */; };
		62075C3C27A3ADC500CF396B /* CodableBundleExtension.swift in Sources */ = {isa = PBXBuildFile; fileRef = 62075C3B27A3ADC500CF396B /* CodableBundleExtension.swift */; };
		625FCFED27AA388B00659F6D /* HeadingView.swift in Sources */ = {isa = PBXBuildFile; fileRef = 625FCFEC27AA388B00659F6D /* HeadingView.swift */; };
		625FCFEF27AA396C00659F6D /* InsetGalleryView.swift in Sources */ = {isa = PBXBuildFile; fileRef = 625FCFEE27AA396C00659F6D /* InsetGalleryView.swift */; };
		625FCFF127AA3C1A00659F6D /* InsetfactView.swift in Sources */ = {isa = PBXBuildFile; fileRef = 625FCFF027AA3C1A00659F6D /* InsetfactView.swift */; };
		625FCFF327AA3E1A00659F6D /* INsetMapView.swift in Sources */ = {isa = PBXBuildFile; fileRef = 625FCFF227AA3E1A00659F6D /* INsetMapView.swift */; };
		625FCFF527AA409100659F6D /* ExternalWeblinkView.swift in Sources */ = {isa = PBXBuildFile; fileRef = 625FCFF427AA409100659F6D /* ExternalWeblinkView.swift */; };
		625FCFF727AA43A100659F6D /* VideoModel.swift in Sources */ = {isa = PBXBuildFile; fileRef = 625FCFF627AA43A100659F6D /* VideoModel.swift */; };
		625FCFF927AA440800659F6D /* VideoListItemView.swift in Sources */ = {isa = PBXBuildFile; fileRef = 625FCFF827AA440800659F6D /* VideoListItemView.swift */; };
		6261302C27A3B6D9004C0863 /* AnimalListItemView.swift in Sources */ = {isa = PBXBuildFile; fileRef = 6261302B27A3B6D9004C0863 /* AnimalListItemView.swift */; };
		6261302E27A3B80C004C0863 /* AnimalModel.swift in Sources */ = {isa = PBXBuildFile; fileRef = 6261302D27A3B80C004C0863 /* AnimalModel.swift */; };
		627D052D27AB7FB300451564 /* VideoPlayerView.swift in Sources */ = {isa = PBXBuildFile; fileRef = 627D052C27AB7FB300451564 /* VideoPlayerView.swift */; };
		627D053027AB80A600451564 /* VideoPlayerHelper.swift in Sources */ = {isa = PBXBuildFile; fileRef = 627D052F27AB80A600451564 /* VideoPlayerHelper.swift */; };
		627D053227AB84EE00451564 /* LocationModel.swift in Sources */ = {isa = PBXBuildFile; fileRef = 627D053127AB84EE00451564 /* LocationModel.swift */; };
		627D053427AB886500451564 /* MapAnnotationView.swift in Sources */ = {isa = PBXBuildFile; fileRef = 627D053327AB886500451564 /* MapAnnotationView.swift */; };
		627D053627AB8C5F00451564 /* MotionAnimationView.swift in Sources */ = {isa = PBXBuildFile; fileRef = 627D053527AB8C5F00451564 /* MotionAnimationView.swift */; };
		62921C1527AA3582007BFBF1 /* AnimalDetailView.swift in Sources */ = {isa = PBXBuildFile; fileRef = 62921C1427AA3582007BFBF1 /* AnimalDetailView.swift */; };
/* End PBXBuildFile section */

/* Begin PBXFileReference section */
		62075BFB27A3A5AA00CF396B /* Africa.app */ = {isa = PBXFileReference; explicitFileType = wrapper.application; includeInIndex = 0; path = Africa.app; sourceTree = BUILT_PRODUCTS_DIR; };
		62075BFE27A3A5AA00CF396B /* AfricaApp.swift */ = {isa = PBXFileReference; lastKnownFileType = sourcecode.swift; path = AfricaApp.swift; sourceTree = "<group>"; };
		62075C0027A3A5AA00CF396B /* ContentView.swift */ = {isa = PBXFileReference; lastKnownFileType = sourcecode.swift; path = ContentView.swift; sourceTree = "<group>"; };
		62075C0227A3A5AA00CF396B /* Assets.xcassets */ = {isa = PBXFileReference; lastKnownFileType = folder.assetcatalog; path = Assets.xcassets; sourceTree = "<group>"; };
		62075C0527A3A5AA00CF396B /* Preview Assets.xcassets */ = {isa = PBXFileReference; lastKnownFileType = folder.assetcatalog; path = "Preview Assets.xcassets"; sourceTree = "<group>"; };
		62075C0D27A3A71400CF396B /* cheetah.mp4 */ = {isa = PBXFileReference; lastKnownFileType = file; path = cheetah.mp4; sourceTree = "<group>"; };
		62075C0E27A3A71400CF396B /* ostrich.mp4 */ = {isa = PBXFileReference; lastKnownFileType = file; path = ostrich.mp4; sourceTree = "<group>"; };
		62075C0F27A3A71400CF396B /* rhino.mp4 */ = {isa = PBXFileReference; lastKnownFileType = file; path = rhino.mp4; sourceTree = "<group>"; };
		62075C1027A3A71400CF396B /* zebra.mp4 */ = {isa = PBXFileReference; lastKnownFileType = file; path = zebra.mp4; sourceTree = "<group>"; };
		62075C1127A3A71400CF396B /* gorilla.mp4 */ = {isa = PBXFileReference; lastKnownFileType = file; path = gorilla.mp4; sourceTree = "<group>"; };
		62075C1227A3A71500CF396B /* giraffe.mp4 */ = {isa = PBXFileReference; lastKnownFileType = file; path = giraffe.mp4; sourceTree = "<group>"; };
		62075C1327A3A71500CF396B /* hippo.mp4 */ = {isa = PBXFileReference; lastKnownFileType = file; path = hippo.mp4; sourceTree = "<group>"; };
		62075C1427A3A71500CF396B /* lioness.mp4 */ = {isa = PBXFileReference; lastKnownFileType = file; path = lioness.mp4; sourceTree = "<group>"; };
		62075C1527A3A71500CF396B /* elephant.mp4 */ = {isa = PBXFileReference; lastKnownFileType = file; path = elephant.mp4; sourceTree = "<group>"; };
		62075C1627A3A71500CF396B /* lion.mp4 */ = {isa = PBXFileReference; lastKnownFileType = file; path = lion.mp4; sourceTree = "<group>"; };
		62075C2227A3A75D00CF396B /* locations.json */ = {isa = PBXFileReference; fileEncoding = 4; lastKnownFileType = text.json; path = locations.json; sourceTree = "<group>"; };
		62075C2327A3A75D00CF396B /* covers.json */ = {isa = PBXFileReference; fileEncoding = 4; lastKnownFileType = text.json; path = covers.json; sourceTree = "<group>"; };
		62075C2427A3A75D00CF396B /* videos.json */ = {isa = PBXFileReference; fileEncoding = 4; lastKnownFileType = text.json; path = videos.json; sourceTree = "<group>"; };
		62075C2527A3A75D00CF396B /* animals.json */ = {isa = PBXFileReference; fileEncoding = 4; lastKnownFileType = text.json; path = animals.json; sourceTree = "<group>"; };
		62075C2A27A3A83900CF396B /* Info.plist */ = {isa = PBXFileReference; lastKnownFileType = text.plist; path = Info.plist; sourceTree = "<group>"; };
		62075C2D27A3A9A000CF396B /* VideoListView.swift */ = {isa = PBXFileReference; lastKnownFileType = sourcecode.swift; path = VideoListView.swift; sourceTree = "<group>"; };
		62075C2F27A3A9B600CF396B /* MapView.swift */ = {isa = PBXFileReference; lastKnownFileType = sourcecode.swift; path = MapView.swift; sourceTree = "<group>"; };
		62075C3127A3A9C400CF396B /* GalleryView.swift */ = {isa = PBXFileReference; lastKnownFileType = sourcecode.swift; path = GalleryView.swift; sourceTree = "<group>"; };
		62075C3327A3A9D200CF396B /* MainView.swift */ = {isa = PBXFileReference; lastKnownFileType = sourcecode.swift; path = MainView.swift; sourceTree = "<group>"; };
		62075C3527A3AB4800CF396B /* CoverImageView.swift */ = {isa = PBXFileReference; lastKnownFileType = sourcecode.swift; path = CoverImageView.swift; sourceTree = "<group>"; };
		62075C3827A3AC7A00CF396B /* CoverImageModel.swift */ = {isa = PBXFileReference; lastKnownFileType = sourcecode.swift; path = CoverImageModel.swift; sourceTree = "<group>"; };
		62075C3B27A3ADC500CF396B /* CodableBundleExtension.swift */ = {isa = PBXFileReference; lastKnownFileType = sourcecode.swift; path = CodableBundleExtension.swift; sourceTree = "<group>"; };
		625FCFEC27AA388B00659F6D /* HeadingView.swift */ = {isa = PBXFileReference; lastKnownFileType = sourcecode.swift; path = HeadingView.swift; sourceTree = "<group>"; };
		625FCFEE27AA396C00659F6D /* InsetGalleryView.swift */ = {isa = PBXFileReference; lastKnownFileType = sourcecode.swift; path = InsetGalleryView.swift; sourceTree = "<group>"; };
		625FCFF027AA3C1A00659F6D /* InsetfactView.swift */ = {isa = PBXFileReference; lastKnownFileType = sourcecode.swift; path = InsetfactView.swift; sourceTree = "<group>"; };
		625FCFF227AA3E1A00659F6D /* INsetMapView.swift */ = {isa = PBXFileReference; lastKnownFileType = sourcecode.swift; path = INsetMapView.swift; sourceTree = "<group>"; };
		625FCFF427AA409100659F6D /* ExternalWeblinkView.swift */ = {isa = PBXFileReference; lastKnownFileType = sourcecode.swift; path = ExternalWeblinkView.swift; sourceTree = "<group>"; };
		625FCFF627AA43A100659F6D /* VideoModel.swift */ = {isa = PBXFileReference; lastKnownFileType = sourcecode.swift; path = VideoModel.swift; sourceTree = "<group>"; };
		625FCFF827AA440800659F6D /* VideoListItemView.swift */ = {isa = PBXFileReference; lastKnownFileType = sourcecode.swift; path = VideoListItemView.swift; sourceTree = "<group>"; };
		6261302B27A3B6D9004C0863 /* AnimalListItemView.swift */ = {isa = PBXFileReference; lastKnownFileType = sourcecode.swift; path = AnimalListItemView.swift; sourceTree = "<group>"; };
		6261302D27A3B80C004C0863 /* AnimalModel.swift */ = {isa = PBXFileReference; lastKnownFileType = sourcecode.swift; path = AnimalModel.swift; sourceTree = "<group>"; };
		627D052C27AB7FB300451564 /* VideoPlayerView.swift */ = {isa = PBXFileReference; lastKnownFileType = sourcecode.swift; path = VideoPlayerView.swift; sourceTree = "<group>"; };
		627D052F27AB80A600451564 /* VideoPlayerHelper.swift */ = {isa = PBXFileReference; lastKnownFileType = sourcecode.swift; path = VideoPlayerHelper.swift; sourceTree = "<group>"; };
		627D053127AB84EE00451564 /* LocationModel.swift */ = {isa = PBXFileReference; lastKnownFileType = sourcecode.swift; path = LocationModel.swift; sourceTree = "<group>"; };
		627D053327AB886500451564 /* MapAnnotationView.swift */ = {isa = PBXFileReference; lastKnownFileType = sourcecode.swift; path = MapAnnotationView.swift; sourceTree = "<group>"; };
		627D053527AB8C5F00451564 /* MotionAnimationView.swift */ = {isa = PBXFileReference; lastKnownFileType = sourcecode.swift; path = MotionAnimationView.swift; sourceTree = "<group>"; };
		62921C1427AA3582007BFBF1 /* AnimalDetailView.swift */ = {isa = PBXFileReference; lastKnownFileType = sourcecode.swift; path = AnimalDetailView.swift; sourceTree = "<group>"; };
/* End PBXFileReference section */

/* Begin PBXFrameworksBuildPhase section */
		62075BF827A3A5AA00CF396B /* Frameworks */ = {
			isa = PBXFrameworksBuildPhase;
			buildActionMask = 2147483647;
			files = (
			);
			runOnlyForDeploymentPostprocessing = 0;
		};
/* End PBXFrameworksBuildPhase section */

/* Begin PBXGroup section */
		62075BF227A3A5AA00CF396B = {
			isa = PBXGroup;
			children = (
				62075BFD27A3A5AA00CF396B /* Africa */,
				62075BFC27A3A5AA00CF396B /* Products */,
			);
			sourceTree = "<group>";
		};
		62075BFC27A3A5AA00CF396B /* Products */ = {
			isa = PBXGroup;
			children = (
				62075BFB27A3A5AA00CF396B /* Africa.app */,
			);
			name = Products;
			sourceTree = "<group>";
		};
		62075BFD27A3A5AA00CF396B /* Africa */ = {
			isa = PBXGroup;
			children = (
				62075C2A27A3A83900CF396B /* Info.plist */,
				62075C0227A3A5AA00CF396B /* Assets.xcassets */,
				62075C2B27A3A94E00CF396B /* App */,
				62075C2C27A3A98D00CF396B /* View */,
				62075C2127A3A74500CF396B /* Data */,
				62075C3727A3AC6300CF396B /* Model */,
				62075C3A27A3ADB300CF396B /* Extension */,
				627D052E27AB806D00451564 /* Helper */,
				62075C0C27A3A6FF00CF396B /* Video */,
				62075C0427A3A5AA00CF396B /* Preview Content */,
			);
			path = Africa;
			sourceTree = "<group>";
		};
		62075C0427A3A5AA00CF396B /* Preview Content */ = {
			isa = PBXGroup;
			children = (
				62075C0527A3A5AA00CF396B /* Preview Assets.xcassets */,
			);
			path = "Preview Content";
			sourceTree = "<group>";
		};
		62075C0C27A3A6FF00CF396B /* Video */ = {
			isa = PBXGroup;
			children = (
				62075C0D27A3A71400CF396B /* cheetah.mp4 */,
				62075C1527A3A71500CF396B /* elephant.mp4 */,
				62075C1227A3A71500CF396B /* giraffe.mp4 */,
				62075C1127A3A71400CF396B /* gorilla.mp4 */,
				62075C1327A3A71500CF396B /* hippo.mp4 */,
				62075C1627A3A71500CF396B /* lion.mp4 */,
				62075C1427A3A71500CF396B /* lioness.mp4 */,
				62075C0E27A3A71400CF396B /* ostrich.mp4 */,
				62075C0F27A3A71400CF396B /* rhino.mp4 */,
				62075C1027A3A71400CF396B /* zebra.mp4 */,
			);
			path = Video;
			sourceTree = "<group>";
		};
		62075C2127A3A74500CF396B /* Data */ = {
			isa = PBXGroup;
			children = (
				62075C2527A3A75D00CF396B /* animals.json */,
				62075C2327A3A75D00CF396B /* covers.json */,
				62075C2227A3A75D00CF396B /* locations.json */,
				62075C2427A3A75D00CF396B /* videos.json */,
			);
			path = Data;
			sourceTree = "<group>";
		};
		62075C2B27A3A94E00CF396B /* App */ = {
			isa = PBXGroup;
			children = (
				62075BFE27A3A5AA00CF396B /* AfricaApp.swift */,
				62075C0027A3A5AA00CF396B /* ContentView.swift */,
				62075C2D27A3A9A000CF396B /* VideoListView.swift */,
				62075C2F27A3A9B600CF396B /* MapView.swift */,
				62075C3127A3A9C400CF396B /* GalleryView.swift */,
				62075C3327A3A9D200CF396B /* MainView.swift */,
			);
			path = App;
			sourceTree = "<group>";
		};
		62075C2C27A3A98D00CF396B /* View */ = {
			isa = PBXGroup;
			children = (
				62075C3527A3AB4800CF396B /* CoverImageView.swift */,
				6261302B27A3B6D9004C0863 /* AnimalListItemView.swift */,
				62921C1427AA3582007BFBF1 /* AnimalDetailView.swift */,
				625FCFEC27AA388B00659F6D /* HeadingView.swift */,
				625FCFEE27AA396C00659F6D /* InsetGalleryView.swift */,
				625FCFF027AA3C1A00659F6D /* InsetfactView.swift */,
				625FCFF227AA3E1A00659F6D /* INsetMapView.swift */,
				625FCFF427AA409100659F6D /* ExternalWeblinkView.swift */,
				625FCFF827AA440800659F6D /* VideoListItemView.swift */,
				627D052C27AB7FB300451564 /* VideoPlayerView.swift */,
				627D053327AB886500451564 /* MapAnnotationView.swift */,
				627D053527AB8C5F00451564 /* MotionAnimationView.swift */,
			);
			path = View;
			sourceTree = "<group>";
		};
		62075C3727A3AC6300CF396B /* Model */ = {
			isa = PBXGroup;
			children = (
				62075C3827A3AC7A00CF396B /* CoverImageModel.swift */,
				6261302D27A3B80C004C0863 /* AnimalModel.swift */,
				625FCFF627AA43A100659F6D /* VideoModel.swift */,
				627D053127AB84EE00451564 /* LocationModel.swift */,
			);
			path = Model;
			sourceTree = "<group>";
		};
		62075C3A27A3ADB300CF396B /* Extension */ = {
			isa = PBXGroup;
			children = (
				62075C3B27A3ADC500CF396B /* CodableBundleExtension.swift */,
			);
			path = Extension;
			sourceTree = "<group>";
		};
		627D052E27AB806D00451564 /* Helper */ = {
			isa = PBXGroup;
			children = (
				627D052F27AB80A600451564 /* VideoPlayerHelper.swift */,
			);
			path = Helper;
			sourceTree = "<group>";
		};
/* End PBXGroup section */

/* Begin PBXNativeTarget section */
		62075BFA27A3A5AA00CF396B /* Africa */ = {
			isa = PBXNativeTarget;
			buildConfigurationList = 62075C0927A3A5AA00CF396B /* Build configuration list for PBXNativeTarget "Africa" */;
			buildPhases = (
				62075BF727A3A5AA00CF396B /* Sources */,
				62075BF827A3A5AA00CF396B /* Frameworks */,
				62075BF927A3A5AA00CF396B /* Resources */,
			);
			buildRules = (
			);
			dependencies = (
			);
			name = Africa;
			productName = Africa;
			productReference = 62075BFB27A3A5AA00CF396B /* Africa.app */;
			productType = "com.apple.product-type.application";
		};
/* End PBXNativeTarget section */

/* Begin PBXProject section */
		62075BF327A3A5AA00CF396B /* Project object */ = {
			isa = PBXProject;
			attributes = {
				BuildIndependentTargetsInParallel = 1;
				LastSwiftUpdateCheck = 1320;
				LastUpgradeCheck = 1320;
				TargetAttributes = {
					62075BFA27A3A5AA00CF396B = {
						CreatedOnToolsVersion = 13.2.1;
					};
				};
			};
			buildConfigurationList = 62075BF627A3A5AA00CF396B /* Build configuration list for PBXProject "Africa" */;
			compatibilityVersion = "Xcode 13.0";
			developmentRegion = en;
			hasScannedForEncodings = 0;
			knownRegions = (
				en,
				Base,
			);
			mainGroup = 62075BF227A3A5AA00CF396B;
			productRefGroup = 62075BFC27A3A5AA00CF396B /* Products */;
			projectDirPath = "";
			projectRoot = "";
			targets = (
				62075BFA27A3A5AA00CF396B /* Africa */,
			);
		};
/* End PBXProject section */

/* Begin PBXResourcesBuildPhase section */
		62075BF927A3A5AA00CF396B /* Resources */ = {
			isa = PBXResourcesBuildPhase;
			buildActionMask = 2147483647;
			files = (
				62075C2627A3A75D00CF396B /* locations.json in Resources */,
				62075C0627A3A5AA00CF396B /* Preview Assets.xcassets in Resources */,
				62075C2827A3A75D00CF396B /* videos.json in Resources */,
				62075C2027A3A71500CF396B /* lion.mp4 in Resources */,
				62075C1D27A3A71500CF396B /* hippo.mp4 in Resources */,
				62075C0327A3A5AA00CF396B /* Assets.xcassets in Resources */,
				62075C1827A3A71500CF396B /* ostrich.mp4 in Resources */,
				62075C1B27A3A71500CF396B /* gorilla.mp4 in Resources */,
				62075C2727A3A75D00CF396B /* covers.json in Resources */,
				62075C2927A3A75D00CF396B /* animals.json in Resources */,
				62075C1927A3A71500CF396B /* rhino.mp4 in Resources */,
				62075C1A27A3A71500CF396B /* zebra.mp4 in Resources */,
				62075C1E27A3A71500CF396B /* lioness.mp4 in Resources */,
				62075C1C27A3A71500CF396B /* giraffe.mp4 in Resources */,
				62075C1727A3A71500CF396B /* cheetah.mp4 in Resources */,
				62075C1F27A3A71500CF396B /* elephant.mp4 in Resources */,
			);
			runOnlyForDeploymentPostprocessing = 0;
		};
/* End PBXResourcesBuildPhase section */

/* Begin PBXSourcesBuildPhase section */
		62075BF727A3A5AA00CF396B /* Sources */ = {
			isa = PBXSourcesBuildPhase;
			buildActionMask = 2147483647;
			files = (
				625FCFF527AA409100659F6D /* ExternalWeblinkView.swift in Sources */,
				62075C0127A3A5AA00CF396B /* ContentView.swift in Sources */,
				625FCFF127AA3C1A00659F6D /* InsetfactView.swift in Sources */,
				6261302C27A3B6D9004C0863 /* AnimalListItemView.swift in Sources */,
				62075C3427A3A9D200CF396B /* MainView.swift in Sources */,
				62075C3627A3AB4800CF396B /* CoverImageView.swift in Sources */,
				62075C3927A3AC7A00CF396B /* CoverImageModel.swift in Sources */,
				62921C1527AA3582007BFBF1 /* AnimalDetailView.swift in Sources */,
				6261302E27A3B80C004C0863 /* AnimalModel.swift in Sources */,
				62075C3027A3A9B600CF396B /* MapView.swift in Sources */,
				627D053027AB80A600451564 /* VideoPlayerHelper.swift in Sources */,
				625FCFF327AA3E1A00659F6D /* INsetMapView.swift in Sources */,
				62075BFF27A3A5AA00CF396B /* AfricaApp.swift in Sources */,
				627D053427AB886500451564 /* MapAnnotationView.swift in Sources */,
				62075C2E27A3A9A000CF396B /* VideoListView.swift in Sources */,
				625FCFF727AA43A100659F6D /* VideoModel.swift in Sources */,
				62075C3227A3A9C400CF396B /* GalleryView.swift in Sources */,
				627D053227AB84EE00451564 /* LocationModel.swift in Sources */,
				625FCFEF27AA396C00659F6D /* InsetGalleryView.swift in Sources */,
				625FCFF927AA440800659F6D /* VideoListItemView.swift in Sources */,
				62075C3C27A3ADC500CF396B /* CodableBundleExtension.swift in Sources */,
				627D053627AB8C5F00451564 /* MotionAnimationView.swift in Sources */,
				625FCFED27AA388B00659F6D /* HeadingView.swift in Sources */,
				627D052D27AB7FB300451564 /* VideoPlayerView.swift in Sources */,
			);
			runOnlyForDeploymentPostprocessing = 0;
		};
/* End PBXSourcesBuildPhase section */

/* Begin XCBuildConfiguration section */
		62075C0727A3A5AA00CF396B /* Debug */ = {
			isa = XCBuildConfiguration;
			buildSettings = {
				ALWAYS_SEARCH_USER_PATHS = NO;
				CLANG_ANALYZER_NONNULL = YES;
				CLANG_ANALYZER_NUMBER_OBJECT_CONVERSION = YES_AGGRESSIVE;
				CLANG_CXX_LANGUAGE_STANDARD = "gnu++17";
				CLANG_CXX_LIBRARY = "libc++";
				CLANG_ENABLE_MODULES = YES;
				CLANG_ENABLE_OBJC_ARC = YES;
				CLANG_ENABLE_OBJC_WEAK = YES;
				CLANG_WARN_BLOCK_CAPTURE_AUTORELEASING = YES;
				CLANG_WARN_BOOL_CONVERSION = YES;
				CLANG_WARN_COMMA = YES;
				CLANG_WARN_CONSTANT_CONVERSION = YES;
				CLANG_WARN_DEPRECATED_OBJC_IMPLEMENTATIONS = YES;
				CLANG_WARN_DIRECT_OBJC_ISA_USAGE = YES_ERROR;
				CLANG_WARN_DOCUMENTATION_COMMENTS = YES;
				CLANG_WARN_EMPTY_BODY = YES;
				CLANG_WARN_ENUM_CONVERSION = YES;
				CLANG_WARN_INFINITE_RECURSION = YES;
				CLANG_WARN_INT_CONVERSION = YES;
				CLANG_WARN_NON_LITERAL_NULL_CONVERSION = YES;
				CLANG_WARN_OBJC_IMPLICIT_RETAIN_SELF = YES;
				CLANG_WARN_OBJC_LITERAL_CONVERSION = YES;
				CLANG_WARN_OBJC_ROOT_CLASS = YES_ERROR;
				CLANG_WARN_QUOTED_INCLUDE_IN_FRAMEWORK_HEADER = YES;
				CLANG_WARN_RANGE_LOOP_ANALYSIS = YES;
				CLANG_WARN_STRICT_PROTOTYPES = YES;
				CLANG_WARN_SUSPICIOUS_MOVE = YES;
				CLANG_WARN_UNGUARDED_AVAILABILITY = YES_AGGRESSIVE;
				CLANG_WARN_UNREACHABLE_CODE = YES;
				CLANG_WARN__DUPLICATE_METHOD_MATCH = YES;
				COPY_PHASE_STRIP = NO;
				DEBUG_INFORMATION_FORMAT = dwarf;
				ENABLE_STRICT_OBJC_MSGSEND = YES;
				ENABLE_TESTABILITY = YES;
				GCC_C_LANGUAGE_STANDARD = gnu11;
				GCC_DYNAMIC_NO_PIC = NO;
				GCC_NO_COMMON_BLOCKS = YES;
				GCC_OPTIMIZATION_LEVEL = 0;
				GCC_PREPROCESSOR_DEFINITIONS = (
					"DEBUG=1",
					"$(inherited)",
				);
				GCC_WARN_64_TO_32_BIT_CONVERSION = YES;
				GCC_WARN_ABOUT_RETURN_TYPE = YES_ERROR;
				GCC_WARN_UNDECLARED_SELECTOR = YES;
				GCC_WARN_UNINITIALIZED_AUTOS = YES_AGGRESSIVE;
				GCC_WARN_UNUSED_FUNCTION = YES;
				GCC_WARN_UNUSED_VARIABLE = YES;
				IPHONEOS_DEPLOYMENT_TARGET = 15.2;
				MTL_ENABLE_DEBUG_INFO = INCLUDE_SOURCE;
				MTL_FAST_MATH = YES;
				ONLY_ACTIVE_ARCH = YES;
				SDKROOT = iphoneos;
				SWIFT_ACTIVE_COMPILATION_CONDITIONS = DEBUG;
				SWIFT_OPTIMIZATION_LEVEL = "-Onone";
			};
			name = Debug;
		};
		62075C0827A3A5AA00CF396B /* Release */ = {
			isa = XCBuildConfiguration;
			buildSettings = {
				ALWAYS_SEARCH_USER_PATHS = NO;
				CLANG_ANALYZER_NONNULL = YES;
				CLANG_ANALYZER_NUMBER_OBJECT_CONVERSION = YES_AGGRESSIVE;
				CLANG_CXX_LANGUAGE_STANDARD = "gnu++17";
				CLANG_CXX_LIBRARY = "libc++";
				CLANG_ENABLE_MODULES = YES;
				CLANG_ENABLE_OBJC_ARC = YES;
				CLANG_ENABLE_OBJC_WEAK = YES;
				CLANG_WARN_BLOCK_CAPTURE_AUTORELEASING = YES;
				CLANG_WARN_BOOL_CONVERSION = YES;
				CLANG_WARN_COMMA = YES;
				CLANG_WARN_CONSTANT_CONVERSION = YES;
				CLANG_WARN_DEPRECATED_OBJC_IMPLEMENTATIONS = YES;
				CLANG_WARN_DIRECT_OBJC_ISA_USAGE = YES_ERROR;
				CLANG_WARN_DOCUMENTATION_COMMENTS = YES;
				CLANG_WARN_EMPTY_BODY = YES;
				CLANG_WARN_ENUM_CONVERSION = YES;
				CLANG_WARN_INFINITE_RECURSION = YES;
				CLANG_WARN_INT_CONVERSION = YES;
				CLANG_WARN_NON_LITERAL_NULL_CONVERSION = YES;
				CLANG_WARN_OBJC_IMPLICIT_RETAIN_SELF = YES;
				CLANG_WARN_OBJC_LITERAL_CONVERSION = YES;
				CLANG_WARN_OBJC_ROOT_CLASS = YES_ERROR;
				CLANG_WARN_QUOTED_INCLUDE_IN_FRAMEWORK_HEADER = YES;
				CLANG_WARN_RANGE_LOOP_ANALYSIS = YES;
				CLANG_WARN_STRICT_PROTOTYPES = YES;
				CLANG_WARN_SUSPICIOUS_MOVE = YES;
				CLANG_WARN_UNGUARDED_AVAILABILITY = YES_AGGRESSIVE;
				CLANG_WARN_UNREACHABLE_CODE = YES;
				CLANG_WARN__DUPLICATE_METHOD_MATCH = YES;
				COPY_PHASE_STRIP = NO;
				DEBUG_INFORMATION_FORMAT = "dwarf-with-dsym";
				ENABLE_NS_ASSERTIONS = NO;
				ENABLE_STRICT_OBJC_MSGSEND = YES;
				GCC_C_LANGUAGE_STANDARD = gnu11;
				GCC_NO_COMMON_BLOCKS = YES;
				GCC_WARN_64_TO_32_BIT_CONVERSION = YES;
				GCC_WARN_ABOUT_RETURN_TYPE = YES_ERROR;
				GCC_WARN_UNDECLARED_SELECTOR = YES;
				GCC_WARN_UNINITIALIZED_AUTOS = YES_AGGRESSIVE;
				GCC_WARN_UNUSED_FUNCTION = YES;
				GCC_WARN_UNUSED_VARIABLE = YES;
				IPHONEOS_DEPLOYMENT_TARGET = 15.2;
				MTL_ENABLE_DEBUG_INFO = NO;
				MTL_FAST_MATH = YES;
				SDKROOT = iphoneos;
				SWIFT_COMPILATION_MODE = wholemodule;
				SWIFT_OPTIMIZATION_LEVEL = "-O";
				VALIDATE_PRODUCT = YES;
			};
			name = Release;
		};
		62075C0A27A3A5AA00CF396B /* Debug */ = {
			isa = XCBuildConfiguration;
			buildSettings = {
				ASSETCATALOG_COMPILER_APPICON_NAME = AppIcon;
				ASSETCATALOG_COMPILER_GLOBAL_ACCENT_COLOR_NAME = AccentColor;
				CODE_SIGN_STYLE = Automatic;
				CURRENT_PROJECT_VERSION = 1;
				DEVELOPMENT_ASSET_PATHS = "\"Africa/Preview Content\"";
				DEVELOPMENT_TEAM = AV4T8M55V5;
				ENABLE_PREVIEWS = YES;
				GENERATE_INFOPLIST_FILE = YES;
				INFOPLIST_FILE = Africa/Info.plist;
				INFOPLIST_KEY_UIApplicationSceneManifest_Generation = YES;
				INFOPLIST_KEY_UIApplicationSupportsIndirectInputEvents = YES;
				INFOPLIST_KEY_UISupportedInterfaceOrientations_iPad = "UIInterfaceOrientationPortrait UIInterfaceOrientationPortraitUpsideDown UIInterfaceOrientationLandscapeLeft UIInterfaceOrientationLandscapeRight";
				INFOPLIST_KEY_UISupportedInterfaceOrientations_iPhone = "UIInterfaceOrientationPortrait UIInterfaceOrientationLandscapeLeft UIInterfaceOrientationLandscapeRight";
				INFOPLIST_KEY_UIUserInterfaceStyle = Dark;
				LD_RUNPATH_SEARCH_PATHS = (
					"$(inherited)",
					"@executable_path/Frameworks",
				);
				MARKETING_VERSION = 1.0;
				PRODUCT_BUNDLE_IDENTIFIER = com.sebasorozcob.Africa;
				PRODUCT_NAME = "$(TARGET_NAME)";
				SWIFT_EMIT_LOC_STRINGS = YES;
				SWIFT_VERSION = 5.0;
				TARGETED_DEVICE_FAMILY = "1,2";
			};
			name = Debug;
		};
		62075C0B27A3A5AA00CF396B /* Release */ = {
			isa = XCBuildConfiguration;
			buildSettings = {
				ASSETCATALOG_COMPILER_APPICON_NAME = AppIcon;
				ASSETCATALOG_COMPILER_GLOBAL_ACCENT_COLOR_NAME = AccentColor;
				CODE_SIGN_STYLE = Automatic;
				CURRENT_PROJECT_VERSION = 1;
				DEVELOPMENT_ASSET_PATHS = "\"Africa/Preview Content\"";
				DEVELOPMENT_TEAM = AV4T8M55V5;
				ENABLE_PREVIEWS = YES;
				GENERATE_INFOPLIST_FILE = YES;
				INFOPLIST_FILE = Africa/Info.plist;
				INFOPLIST_KEY_UIApplicationSceneManifest_Generation = YES;
				INFOPLIST_KEY_UIApplicationSupportsIndirectInputEvents = YES;
				INFOPLIST_KEY_UISupportedInterfaceOrientations_iPad = "UIInterfaceOrientationPortrait UIInterfaceOrientationPortraitUpsideDown UIInterfaceOrientationLandscapeLeft UIInterfaceOrientationLandscapeRight";
				INFOPLIST_KEY_UISupportedInterfaceOrientations_iPhone = "UIInterfaceOrientationPortrait UIInterfaceOrientationLandscapeLeft UIInterfaceOrientationLandscapeRight";
				INFOPLIST_KEY_UIUserInterfaceStyle = Dark;
				LD_RUNPATH_SEARCH_PATHS = (
					"$(inherited)",
					"@executable_path/Frameworks",
				);
				MARKETING_VERSION = 1.0;
				PRODUCT_BUNDLE_IDENTIFIER = com.sebasorozcob.Africa;
				PRODUCT_NAME = "$(TARGET_NAME)";
				SWIFT_EMIT_LOC_STRINGS = YES;
				SWIFT_VERSION = 5.0;
				TARGETED_DEVICE_FAMILY = "1,2";
			};
			name = Release;
		};
/* End XCBuildConfiguration section */

/* Begin XCConfigurationList section */
		62075BF627A3A5AA00CF396B /* Build configuration list for PBXProject "Africa" */ = {
			isa = XCConfigurationList;
			buildConfigurations = (
				62075C0727A3A5AA00CF396B /* Debug */,
				62075C0827A3A5AA00CF396B /* Release */,
			);
			defaultConfigurationIsVisible = 0;
			defaultConfigurationName = Release;
		};
		62075C0927A3A5AA00CF396B /* Build configuration list for PBXNativeTarget "Africa" */ = {
			isa = XCConfigurationList;
			buildConfigurations = (
				62075C0A27A3A5AA00CF396B /* Debug */,
				62075C0B27A3A5AA00CF396B /* Release */,
			);
			defaultConfigurationIsVisible = 0;
			defaultConfigurationName = Release;
		};
/* End XCConfigurationList section */
	};
	rootObject = 62075BF327A3A5AA00CF396B /* Project object */;
}
